
Microsoft Visual Studio Solution File, Format Version 12.00
# Visual Studio Version 17
VisualStudioVersion = 17.7.34003.232
MinimumVisualStudioVersion = 10.0.40219.1
Project("{FAE04EC0-301F-11D3-BF4B-00C04F79EFBC}") = "MathsTutor", "MathsTutor.csproj", "{09F4F089-89A2-4174-AB35-691A7681E0DC}"
EndProject
Global
	GlobalSection(SolutionConfigurationPlatforms) = preSolution
		Debug|Any CPU = Debug|Any CPU
		Release|Any CPU = Release|Any CPU
	EndGlobalSection
	GlobalSection(ProjectConfigurationPlatforms) = postSolution
		{09F4F089-89A2-4174-AB35-691A7681E0DC}.Debug|Any CPU.ActiveCfg = Debug|Any CPU
		{09F4F089-89A2-4174-AB35-691A7681E0DC}.Debug|Any CPU.Build.0 = Debug|Any CPU
		{09F4F089-89A2-4174-AB35-691A7681E0DC}.Release|Any CPU.ActiveCfg = Release|Any CPU
		{09F4F089-89A2-4174-AB35-691A7681E0DC}.Release|Any CPU.Build.0 = Release|Any CPU
	EndGlobalSection
	GlobalSection(SolutionProperties) = preSolution
		HideSolutionNode = FALSE
	EndGlobalSection
	GlobalSection(ExtensibilityGlobals) = postSolution
		SolutionGuid = {627977F3-0AC8-429E-83D7-1FDA854D2B32}
	EndGlobalSection
EndGlobal
