
Microsoft Visual Studio Solution File, Format Version 12.00
# Visual Studio Version 17
VisualStudioVersion = 17.7.34003.232
MinimumVisualStudioVersion = 10.0.40219.1
Project("{FAE04EC0-301F-11D3-BF4B-00C04F79EFBC}") = "Revision", "Revision.csproj", "{4F735B58-37E8-4D5C-AC00-518300A1E260}"
EndProject
Global
	GlobalSection(SolutionConfigurationPlatforms) = preSolution
		Debug|Any CPU = Debug|Any CPU
		Release|Any CPU = Release|Any CPU
	EndGlobalSection
	GlobalSection(ProjectConfigurationPlatforms) = postSolution
		{4F735B58-37E8-4D5C-AC00-518300A1E260}.Debug|Any CPU.ActiveCfg = Debug|Any CPU
		{4F735B58-37E8-4D5C-AC00-518300A1E260}.Debug|Any CPU.Build.0 = Debug|Any CPU
		{4F735B58-37E8-4D5C-AC00-518300A1E260}.Release|Any CPU.ActiveCfg = Release|Any CPU
		{4F735B58-37E8-4D5C-AC00-518300A1E260}.Release|Any CPU.Build.0 = Release|Any CPU
	EndGlobalSection
	GlobalSection(SolutionProperties) = preSolution
		HideSolutionNode = FALSE
	EndGlobalSection
	GlobalSection(ExtensibilityGlobals) = postSolution
		SolutionGuid = {5187B947-6ECF-4252-AEE6-72DEE07CD469}
	EndGlobalSection
EndGlobal
