
Microsoft Visual Studio Solution File, Format Version 12.00
# Visual Studio Version 17
VisualStudioVersion = 17.7.34003.232
MinimumVisualStudioVersion = 10.0.40219.1
Project("{FAE04EC0-301F-11D3-BF4B-00C04F79EFBC}") = "ColourBox", "ColourBox.csproj", "{48F5512E-5634-4688-BF4D-94B0369BE061}"
EndProject
Global
	GlobalSection(SolutionConfigurationPlatforms) = preSolution
		Debug|Any CPU = Debug|Any CPU
		Release|Any CPU = Release|Any CPU
	EndGlobalSection
	GlobalSection(ProjectConfigurationPlatforms) = postSolution
		{48F5512E-5634-4688-BF4D-94B0369BE061}.Debug|Any CPU.ActiveCfg = Debug|Any CPU
		{48F5512E-5634-4688-BF4D-94B0369BE061}.Debug|Any CPU.Build.0 = Debug|Any CPU
		{48F5512E-5634-4688-BF4D-94B0369BE061}.Release|Any CPU.ActiveCfg = Release|Any CPU
		{48F5512E-5634-4688-BF4D-94B0369BE061}.Release|Any CPU.Build.0 = Release|Any CPU
	EndGlobalSection
	GlobalSection(SolutionProperties) = preSolution
		HideSolutionNode = FALSE
	EndGlobalSection
	GlobalSection(ExtensibilityGlobals) = postSolution
		SolutionGuid = {3D92F0CE-0893-48CB-833C-1C5048ED71D1}
	EndGlobalSection
EndGlobal
